
Microsoft Visual Studio Solution File, Format Version 12.00
# Visual Studio 15
VisualStudioVersion = 15.0.27004.2008
MinimumVisualStudioVersion = 10.0.40219.1
Project("{FAE04EC0-301F-11D3-BF4B-00C04F79EFBC}") = "AdventOfCode2017", "AdventOfCode2017\AdventOfCode2017.csproj", "{80C87DF6-8278-4BD5-8159-5C55D989B34E}"
EndProject
Project("{2150E333-8FDC-42A3-9474-1A3956D46DE8}") = "Tests", "Tests", "{8FEF40FD-E018-405F-B45B-8A7A768D326E}"
EndProject
Project("{FAE04EC0-301F-11D3-BF4B-00C04F79EFBC}") = "AdventOfCodeTests", "Tests\Day1Tests\AdventOfCodeTests.csproj", "{E292390B-B7CA-46D9-9D71-C80A827764B6}"
EndProject
Global
	GlobalSection(SolutionConfigurationPlatforms) = preSolution
		Debug|Any CPU = Debug|Any CPU
		Release|Any CPU = Release|Any CPU
	EndGlobalSection
	GlobalSection(ProjectConfigurationPlatforms) = postSolution
		{80C87DF6-8278-4BD5-8159-5C55D989B34E}.Debug|Any CPU.ActiveCfg = Debug|Any CPU
		{80C87DF6-8278-4BD5-8159-5C55D989B34E}.Debug|Any CPU.Build.0 = Debug|Any CPU
		{80C87DF6-8278-4BD5-8159-5C55D989B34E}.Release|Any CPU.ActiveCfg = Release|Any CPU
		{80C87DF6-8278-4BD5-8159-5C55D989B34E}.Release|Any CPU.Build.0 = Release|Any CPU
		{E292390B-B7CA-46D9-9D71-C80A827764B6}.Debug|Any CPU.ActiveCfg = Debug|Any CPU
		{E292390B-B7CA-46D9-9D71-C80A827764B6}.Debug|Any CPU.Build.0 = Debug|Any CPU
		{E292390B-B7CA-46D9-9D71-C80A827764B6}.Release|Any CPU.ActiveCfg = Release|Any CPU
		{E292390B-B7CA-46D9-9D71-C80A827764B6}.Release|Any CPU.Build.0 = Release|Any CPU
	EndGlobalSection
	GlobalSection(SolutionProperties) = preSolution
		HideSolutionNode = FALSE
	EndGlobalSection
	GlobalSection(NestedProjects) = preSolution
		{E292390B-B7CA-46D9-9D71-C80A827764B6} = {8FEF40FD-E018-405F-B45B-8A7A768D326E}
	EndGlobalSection
	GlobalSection(ExtensibilityGlobals) = postSolution
		SolutionGuid = {2D20AFCF-9860-4C27-AD8F-1A8CA6DDAE06}
	EndGlobalSection
EndGlobal
